{
  "name": "scripts",
  "version": "1.0.0",
  "lockfileVersion": 2,
  "requires": true,
  "packages": {
    "": {
      "name": "scripts",
      "version": "1.0.0",
      "license": "ISC",
      "dependencies": {
        "openapi-merge": "^1.3.2"
      }
    },
    "node_modules/atlassian-openapi": {
      "version": "1.0.17",
      "resolved": "https://registry.npmjs.org/atlassian-openapi/-/atlassian-openapi-1.0.17.tgz",
      "integrity": "sha512-8aW0Xgl9mVdL9dCABSZAvCayMPyh6uVu86UzOat8Kc1qDMUtXn2OxcwDsJfm/qCtBSeZ+GE/PkFxx3ZRIp3hFg==",
      "dependencies": {
        "jsonpointer": "^5.0.0",
        "urijs": "^1.19.10"
      }
    },
    "node_modules/jsonpointer": {
      "version": "5.0.1",
      "resolved": "https://registry.npmjs.org/jsonpointer/-/jsonpointer-5.0.1.tgz",
      "integrity": "sha512-p/nXbhSEcu3pZRdkW1OfJhpsVtW1gd4Wa1fnQc9YLiTfAjn0312eMKimbdIQzuZl9aa9xUGaRlP9T/CJE/ditQ==",
      "engines": {
        "node": ">=0.10.0"
      }
    },
    "node_modules/lodash": {
      "version": "4.17.21",
      "resolved": "https://registry.npmjs.org/lodash/-/lodash-4.17.21.tgz",
      "integrity": "sha512-v2kDEe57lecTulaDIuNTPy3Ry4gLGJ6Z1O3vE1krgXZNrsQ+LFTGHVxVjcXPs17LhbZVGedAJv8XZ1tvj5FvSg=="
    },
    "node_modules/openapi-merge": {
      "version": "1.3.2",
      "resolved": "https://registry.npmjs.org/openapi-merge/-/openapi-merge-1.3.2.tgz",
      "integrity": "sha512-qRWBwPMiKIUrAcKW6lstMPKpFEWy32dBbP1UjHH9jlWgw++2BCqOVbsjO5Wa4H1Ll3c4cn+lyi4TinUy8iswzw==",
      "dependencies": {
        "atlassian-openapi": "^1.0.8",
        "lodash": "^4.17.15",
        "ts-is-present": "^1.1.1"
      }
    },
    "node_modules/ts-is-present": {
      "version": "1.2.2",
      "resolved": "https://registry.npmjs.org/ts-is-present/-/ts-is-present-1.2.2.tgz",
      "integrity": "sha512-cA5MPLWGWYXvnlJb4TamUUx858HVHBsxxdy8l7jxODOLDyGYnQOllob2A2jyDghGa5iJHs2gzFNHvwGJ0ZfR8g=="
    },
    "node_modules/urijs": {
      "version": "1.19.11",
      "resolved": "https://registry.npmjs.org/urijs/-/urijs-1.19.11.tgz",
      "integrity": "sha512-HXgFDgDommxn5/bIv0cnQZsPhHDA90NPHD6+c/v21U5+Sx5hoP8+dP9IZXBU1gIfvdRfhG8cel9QNPeionfcCQ=="
    }
  },
  "dependencies": {
    "atlassian-openapi": {
      "version": "1.0.17",
      "resolved": "https://registry.npmjs.org/atlassian-openapi/-/atlassian-openapi-1.0.17.tgz",
      "integrity": "sha512-8aW0Xgl9mVdL9dCABSZAvCayMPyh6uVu86UzOat8Kc1qDMUtXn2OxcwDsJfm/qCtBSeZ+GE/PkFxx3ZRIp3hFg==",
      "requires": {
        "jsonpointer": "^5.0.0",
        "urijs": "^1.19.10"
      }
    },
    "jsonpointer": {
      "version": "5.0.1",
      "resolved": "https://registry.npmjs.org/jsonpointer/-/jsonpointer-5.0.1.tgz",
      "integrity": "sha512-p/nXbhSEcu3pZRdkW1OfJhpsVtW1gd4Wa1fnQc9YLiTfAjn0312eMKimbdIQzuZl9aa9xUGaRlP9T/CJE/ditQ=="
    },
    "lodash": {
      "version": "4.17.21",
      "resolved": "https://registry.npmjs.org/lodash/-/lodash-4.17.21.tgz",
      "integrity": "sha512-v2kDEe57lecTulaDIuNTPy3Ry4gLGJ6Z1O3vE1krgXZNrsQ+LFTGHVxVjcXPs17LhbZVGedAJv8XZ1tvj5FvSg=="
    },
    "openapi-merge": {
      "version": "1.3.2",
      "resolved": "https://registry.npmjs.org/openapi-merge/-/openapi-merge-1.3.2.tgz",
      "integrity": "sha512-qRWBwPMiKIUrAcKW6lstMPKpFEWy32dBbP1UjHH9jlWgw++2BCqOVbsjO5Wa4H1Ll3c4cn+lyi4TinUy8iswzw==",
      "requires": {
        "atlassian-openapi": "^1.0.8",
        "lodash": "^4.17.15",
        "ts-is-present": "^1.1.1"
      }
    },
    "ts-is-present": {
      "version": "1.2.2",
      "resolved": "https://registry.npmjs.org/ts-is-present/-/ts-is-present-1.2.2.tgz",
      "integrity": "sha512-cA5MPLWGWYXvnlJb4TamUUx858HVHBsxxdy8l7jxODOLDyGYnQOllob2A2jyDghGa5iJHs2gzFNHvwGJ0ZfR8g=="
    },
    "urijs": {
      "version": "1.19.11",
      "resolved": "https://registry.npmjs.org/urijs/-/urijs-1.19.11.tgz",
      "integrity": "sha512-HXgFDgDommxn5/bIv0cnQZsPhHDA90NPHD6+c/v21U5+Sx5hoP8+dP9IZXBU1gIfvdRfhG8cel9QNPeionfcCQ=="
    }
  }
}
